<?xml version="1.0" encoding="utf-8"?>
<Project ToolsVersion="4.0" xmlns="http://schemas.microsoft.com/developer/msbuild/2003">
  <ItemGroup>
    <Filter Include="Source Files">
      <UniqueIdentifier>{4FC737F1-C7A5-4376-A066-2A32D752A2FF}</UniqueIdentifier>
      <Extensions>cpp;c;cc;cxx;c++;cppm;ixx;def;odl;idl;hpj;bat;asm;asmx</Extensions>
    </Filter>
    <Filter Include="Header Files">
      <UniqueIdentifier>{93995380-89BD-4b04-88EB-625FBE52EBFB}</UniqueIdentifier>
      <Extensions>h;hh;hpp;hxx;h++;hm;inl;inc;ipp;xsd</Extensions>
    </Filter>
    <Filter Include="Resource Files">
      <UniqueIdentifier>{67DA6AB6-F800-4c08-8B7A-83BB121AAD01}</UniqueIdentifier>
      <Extensions>rc;ico;cur;bmp;dlg;rc2;rct;bin;rgs;gif;jpg;jpeg;jpe;resx;tiff;tif;png;wav;mfcribbon-ms</Extensions>
    </Filter>
    <Filter Include="Shaders">
      <UniqueIdentifier>{6e95a22d-a86b-48d2-a330-9e374530b312}</UniqueIdentifier>
    </Filter>
    <Filter Include="ImGUI">
      <UniqueIdentifier>{bb3ebedc-8805-4a7f-9da6-5b165339432b}</UniqueIdentifier>
    </Filter>
    <Filter Include="Shaders\NormalDrawing">
      <UniqueIdentifier>{9bfa0aa0-e776-4792-9644-b21661a59e63}</UniqueIdentifier>
    </Filter>
    <Filter Include="3rdPartUtility">
      <UniqueIdentifier>{25525085-e16c-449c-8785-e126d2903181}</UniqueIdentifier>
    </Filter>
    <Filter Include="Framework">
      <UniqueIdentifier>{3888440e-d904-4753-8849-e5915234dd01}</UniqueIdentifier>
    </Filter>
  </ItemGroup>
  <ItemGroup>
    <ClCompile Include="main.cpp">
      <Filter>Source Files</Filter>
    </ClCompile>
    <ClCompile Include="STB_IMAGE_IMPLEMENTATION.cpp">
      <Filter>3rdPartUtility</Filter>
    </ClCompile>
    <ClCompile Include="glad.c">
      <Filter>3rdPartUtility</Filter>
    </ClCompile>
    <ClCompile Include="imgui.cpp">
      <Filter>ImGUI</Filter>
    </ClCompile>
    <ClCompile Include="imgui_demo.cpp">
      <Filter>ImGUI</Filter>
    </ClCompile>
    <ClCompile Include="imgui_draw.cpp">
      <Filter>ImGUI</Filter>
    </ClCompile>
    <ClCompile Include="imgui_impl_glfw.cpp">
      <Filter>ImGUI</Filter>
    </ClCompile>
    <ClCompile Include="imgui_impl_opengl3.cpp">
      <Filter>ImGUI</Filter>
    </ClCompile>
    <ClCompile Include="imgui_tables.cpp">
      <Filter>ImGUI</Filter>
    </ClCompile>
    <ClCompile Include="imgui_widgets.cpp">
      <Filter>ImGUI</Filter>
    </ClCompile>
  </ItemGroup>
  <ItemGroup>
    <ClInclude Include="GlobalVars.h">
      <Filter>Header Files</Filter>
    </ClInclude>
    <ClInclude Include="stb_image.h">
      <Filter>3rdPartUtility</Filter>
    </ClInclude>
    <ClInclude Include="imconfig.h">
      <Filter>ImGUI</Filter>
    </ClInclude>
    <ClInclude Include="imgui.h">
      <Filter>ImGUI</Filter>
    </ClInclude>
    <ClInclude Include="imgui_impl_glfw.h">
      <Filter>ImGUI</Filter>
    </ClInclude>
    <ClInclude Include="imgui_impl_opengl3.h">
      <Filter>ImGUI</Filter>
    </ClInclude>
    <ClInclude Include="imgui_internal.h">
      <Filter>ImGUI</Filter>
    </ClInclude>
    <ClInclude Include="imstb_rectpack.h">
      <Filter>ImGUI</Filter>
    </ClInclude>
    <ClInclude Include="imstb_textedit.h">
      <Filter>ImGUI</Filter>
    </ClInclude>
    <ClInclude Include="imstb_truetype.h">
      <Filter>ImGUI</Filter>
    </ClInclude>
    <ClInclude Include="OBJ_Loader.h">
      <Filter>3rdPartUtility</Filter>
    </ClInclude>
    <ClInclude Include="Camera.h">
      <Filter>Framework</Filter>
    </ClInclude>
    <ClInclude Include="Shader.h">
      <Filter>Framework</Filter>
    </ClInclude>
    <ClInclude Include="HeightMap.h">
      <Filter>Framework</Filter>
    </ClInclude>
    <ClInclude Include="Mesh.h">
      <Filter>Framework</Filter>
    </ClInclude>
    <ClInclude Include="ModelLoader.h">
      <Filter>Framework</Filter>
    </ClInclude>
  </ItemGroup>
  <ItemGroup>
    <None Include="Shaders\3.3.heightmap_normal.frag">
      <Filter>Shaders\NormalDrawing</Filter>
    </None>
    <None Include="Shaders\3.3.heightmap_normal.geom">
      <Filter>Shaders\NormalDrawing</Filter>
    </None>
    <None Include="Shaders\3.3.heightmap_normal.vert">
      <Filter>Shaders\NormalDrawing</Filter>
    </None>
    <None Include="Shaders\3.3.heightmap.frag">
      <Filter>Shaders</Filter>
    </None>
    <None Include="Shaders\3.3.heightmap.geom">
      <Filter>Shaders</Filter>
    </None>
    <None Include="Shaders\3.3.heightmap.vert">
      <Filter>Shaders</Filter>
    </None>
  </ItemGroup>
</Project>